lockfileVersion: '6.0'

settings:
  autoInstallPeers: true
  excludeLinksFromLockfile: false

overrides:
  critters>chalk: npm:noop-package@1.0.0
  html-minifier>commander: npm:noop-package@1.0.0

dependencies:
  ap-style-title-case:
    specifier: ^2.0.0
    version: 2.0.0
  gray-matter:
    specifier: ^4.0.3
    version: 4.0.3
  katex:
    specifier: ^0.16.10
    version: 0.16.10
  marked:
    specifier: ^12.0.1
    version: 12.0.1
  marked-gfm-heading-id:
    specifier: ^3.1.3
    version: 3.1.3(marked@12.0.1)
  marked-highlight:
    specifier: ^2.1.1
    version: 2.1.1(marked@12.0.1)
  marked-linkify-it:
    specifier: ^3.1.9
    version: 3.1.9(marked@12.0.1)
  sanitize.css:
    specifier: ^13.0.0
    version: 13.0.0

devDependencies:
  '@hyrious/configs':
    specifier: ^0.1.1
    version: 0.1.1
  '@hyrious/esbuild-dev':
    specifier: ^0.10.5
    version: 0.10.5(esbuild@0.19.9)
  '@shikijs/twoslash':
    specifier: ^1.1.7
    version: 1.1.7(typescript@5.3.3)
  '@types/html-minifier':
    specifier: ^4.0.5
    version: 4.0.5
  '@types/katex':
    specifier: ^0.16.7
    version: 0.16.7
  '@types/node':
    specifier: ^20.10.5
    version: 20.10.5
  chalk:
    specifier: ^5.3.0
    version: 5.3.0
  feed:
    specifier: ^4.2.2
    version: 4.2.2
  github-slugger:
    specifier: ^2.0.0
    version: 2.0.0
  html-minifier:
    specifier: ^4.0.0
    version: 4.0.0
  p-queue:
    specifier: ^8.0.1
    version: 8.0.1
  quick-lru:
    specifier: ^7.0.0
    version: 7.0.0
  sass:
    specifier: ^1.71.1
    version: 1.71.1
  shiki:
    specifier: ^1.1.7
    version: 1.1.7
  vite:
    specifier: ^5.1.5
    version: 5.1.5(@types/node@20.10.5)(sass@1.71.1)

packages:

  /@esbuild/android-arm64@0.19.9:
    resolution: {integrity: sha512-q4cR+6ZD0938R19MyEW3jEsMzbb/1rulLXiNAJQADD/XYp7pT+rOS5JGxvpRW8dFDEfjW4wLgC/3FXIw4zYglQ==}
    engines: {node: '>=12'}
    cpu: [arm64]
    os: [android]
    requiresBuild: true
    dev: true
    optional: true

  /@esbuild/android-arm@0.19.9:
    resolution: {integrity: sha512-jkYjjq7SdsWuNI6b5quymW0oC83NN5FdRPuCbs9HZ02mfVdAP8B8eeqLSYU3gb6OJEaY5CQabtTFbqBf26H3GA==}
    engines: {node: '>=12'}
    cpu: [arm]
    os: [android]
    requiresBuild: true
    dev: true
    optional: true

  /@esbuild/android-x64@0.19.9:
    resolution: {integrity: sha512-KOqoPntWAH6ZxDwx1D6mRntIgZh9KodzgNOy5Ebt9ghzffOk9X2c1sPwtM9P+0eXbefnDhqYfkh5PLP5ULtWFA==}
    engines: {node: '>=12'}
    cpu: [x64]
    os: [android]
    requiresBuild: true
    dev: true
    optional: true

  /@esbuild/darwin-arm64@0.19.9:
    resolution: {integrity: sha512-KBJ9S0AFyLVx2E5D8W0vExqRW01WqRtczUZ8NRu+Pi+87opZn5tL4Y0xT0mA4FtHctd0ZgwNoN639fUUGlNIWw==}
    engines: {node: '>=12'}
    cpu: [arm64]
    os: [darwin]
    requiresBuild: true
    dev: true
    optional: true

  /@esbuild/darwin-x64@0.19.9:
    resolution: {integrity: sha512-vE0VotmNTQaTdX0Q9dOHmMTao6ObjyPm58CHZr1UK7qpNleQyxlFlNCaHsHx6Uqv86VgPmR4o2wdNq3dP1qyDQ==}
    engines: {node: '>=12'}
    cpu: [x64]
    os: [darwin]
    requiresBuild: true
    dev: true
    optional: true

  /@esbuild/freebsd-arm64@0.19.9:
    resolution: {integrity: sha512-uFQyd/o1IjiEk3rUHSwUKkqZwqdvuD8GevWF065eqgYfexcVkxh+IJgwTaGZVu59XczZGcN/YMh9uF1fWD8j1g==}
    engines: {node: '>=12'}
    cpu: [arm64]
    os: [freebsd]
    requiresBuild: true
    dev: true
    optional: true

  /@esbuild/freebsd-x64@0.19.9:
    resolution: {integrity: sha512-WMLgWAtkdTbTu1AWacY7uoj/YtHthgqrqhf1OaEWnZb7PQgpt8eaA/F3LkV0E6K/Lc0cUr/uaVP/49iE4M4asA==}
    engines: {node: '>=12'}
    cpu: [x64]
    os: [freebsd]
    requiresBuild: true
    dev: true
    optional: true

  /@esbuild/linux-arm64@0.19.9:
    resolution: {integrity: sha512-PiPblfe1BjK7WDAKR1Cr9O7VVPqVNpwFcPWgfn4xu0eMemzRp442hXyzF/fSwgrufI66FpHOEJk0yYdPInsmyQ==}
    engines: {node: '>=12'}
    cpu: [arm64]
    os: [linux]
    requiresBuild: true
    dev: true
    optional: true

  /@esbuild/linux-arm@0.19.9:
    resolution: {integrity: sha512-C/ChPohUYoyUaqn1h17m/6yt6OB14hbXvT8EgM1ZWaiiTYz7nWZR0SYmMnB5BzQA4GXl3BgBO1l8MYqL/He3qw==}
    engines: {node: '>=12'}
    cpu: [arm]
    os: [linux]
    requiresBuild: true
    dev: true
    optional: true

  /@esbuild/linux-ia32@0.19.9:
    resolution: {integrity: sha512-f37i/0zE0MjDxijkPSQw1CO/7C27Eojqb+r3BbHVxMLkj8GCa78TrBZzvPyA/FNLUMzP3eyHCVkAopkKVja+6Q==}
    engines: {node: '>=12'}
    cpu: [ia32]
    os: [linux]
    requiresBuild: true
    dev: true
    optional: true

  /@esbuild/linux-loong64@0.19.9:
    resolution: {integrity: sha512-t6mN147pUIf3t6wUt3FeumoOTPfmv9Cc6DQlsVBpB7eCpLOqQDyWBP1ymXn1lDw4fNUSb/gBcKAmvTP49oIkaA==}
    engines: {node: '>=12'}
    cpu: [loong64]
    os: [linux]
    requiresBuild: true
    dev: true
    optional: true

  /@esbuild/linux-mips64el@0.19.9:
    resolution: {integrity: sha512-jg9fujJTNTQBuDXdmAg1eeJUL4Jds7BklOTkkH80ZgQIoCTdQrDaHYgbFZyeTq8zbY+axgptncko3v9p5hLZtw==}
    engines: {node: '>=12'}
    cpu: [mips64el]
    os: [linux]
    requiresBuild: true
    dev: true
    optional: true

  /@esbuild/linux-ppc64@0.19.9:
    resolution: {integrity: sha512-tkV0xUX0pUUgY4ha7z5BbDS85uI7ABw3V1d0RNTii7E9lbmV8Z37Pup2tsLV46SQWzjOeyDi1Q7Wx2+QM8WaCQ==}
    engines: {node: '>=12'}
    cpu: [ppc64]
    os: [linux]
    requiresBuild: true
    dev: true
    optional: true

  /@esbuild/linux-riscv64@0.19.9:
    resolution: {integrity: sha512-DfLp8dj91cufgPZDXr9p3FoR++m3ZJ6uIXsXrIvJdOjXVREtXuQCjfMfvmc3LScAVmLjcfloyVtpn43D56JFHg==}
    engines: {node: '>=12'}
    cpu: [riscv64]
    os: [linux]
    requiresBuild: true
    dev: true
    optional: true

  /@esbuild/linux-s390x@0.19.9:
    resolution: {integrity: sha512-zHbglfEdC88KMgCWpOl/zc6dDYJvWGLiUtmPRsr1OgCViu3z5GncvNVdf+6/56O2Ca8jUU+t1BW261V6kp8qdw==}
    engines: {node: '>=12'}
    cpu: [s390x]
    os: [linux]
    requiresBuild: true
    dev: true
    optional: true

  /@esbuild/linux-x64@0.19.9:
    resolution: {integrity: sha512-JUjpystGFFmNrEHQnIVG8hKwvA2DN5o7RqiO1CVX8EN/F/gkCjkUMgVn6hzScpwnJtl2mPR6I9XV1oW8k9O+0A==}
    engines: {node: '>=12'}
    cpu: [x64]
    os: [linux]
    requiresBuild: true
    dev: true
    optional: true

  /@esbuild/netbsd-x64@0.19.9:
    resolution: {integrity: sha512-GThgZPAwOBOsheA2RUlW5UeroRfESwMq/guy8uEe3wJlAOjpOXuSevLRd70NZ37ZrpO6RHGHgEHvPg1h3S1Jug==}
    engines: {node: '>=12'}
    cpu: [x64]
    os: [netbsd]
    requiresBuild: true
    dev: true
    optional: true

  /@esbuild/openbsd-x64@0.19.9:
    resolution: {integrity: sha512-Ki6PlzppaFVbLnD8PtlVQfsYw4S9n3eQl87cqgeIw+O3sRr9IghpfSKY62mggdt1yCSZ8QWvTZ9jo9fjDSg9uw==}
    engines: {node: '>=12'}
    cpu: [x64]
    os: [openbsd]
    requiresBuild: true
    dev: true
    optional: true

  /@esbuild/sunos-x64@0.19.9:
    resolution: {integrity: sha512-MLHj7k9hWh4y1ddkBpvRj2b9NCBhfgBt3VpWbHQnXRedVun/hC7sIyTGDGTfsGuXo4ebik2+3ShjcPbhtFwWDw==}
    engines: {node: '>=12'}
    cpu: [x64]
    os: [sunos]
    requiresBuild: true
    dev: true
    optional: true

  /@esbuild/win32-arm64@0.19.9:
    resolution: {integrity: sha512-GQoa6OrQ8G08guMFgeXPH7yE/8Dt0IfOGWJSfSH4uafwdC7rWwrfE6P9N8AtPGIjUzdo2+7bN8Xo3qC578olhg==}
    engines: {node: '>=12'}
    cpu: [arm64]
    os: [win32]
    requiresBuild: true
    dev: true
    optional: true

  /@esbuild/win32-ia32@0.19.9:
    resolution: {integrity: sha512-UOozV7Ntykvr5tSOlGCrqU3NBr3d8JqPes0QWN2WOXfvkWVGRajC+Ym0/Wj88fUgecUCLDdJPDF0Nna2UK3Qtg==}
    engines: {node: '>=12'}
    cpu: [ia32]
    os: [win32]
    requiresBuild: true
    dev: true
    optional: true

  /@esbuild/win32-x64@0.19.9:
    resolution: {integrity: sha512-oxoQgglOP7RH6iasDrhY+R/3cHrfwIDvRlT4CGChflq6twk8iENeVvMJjmvBb94Ik1Z+93iGO27err7w6l54GQ==}
    engines: {node: '>=12'}
    cpu: [x64]
    os: [win32]
    requiresBuild: true
    dev: true
    optional: true

  /@hyrious/configs@0.1.1:
    resolution: {integrity: sha512-HVhrzZLb3Ek6gprdfHr8/UQU9i4wBao65C6XIgb0VZ2WYJyTzN7bqht5BrxJG6sBXTz2vFbamhWnO8xpfVV4cg==}
    dev: true

  /@hyrious/esbuild-dev@0.10.5(esbuild@0.19.9):
    resolution: {integrity: sha512-f8ODDk7AP29tR+MKN29a8x4IpMs2LIYEK/eOY34oD5xjqtj+gP6cx4rrcnP4R9cZKKGMlLFDm0RN51eSqOnMlg==}
    engines: {node: ^14.18 || >=16}
    hasBin: true
    peerDependencies:
      esbuild: '>=0.17'
    dependencies:
      esbuild: 0.19.9
    dev: true

  /@rollup/rollup-android-arm-eabi@4.9.1:
    resolution: {integrity: sha512-6vMdBZqtq1dVQ4CWdhFwhKZL6E4L1dV6jUjuBvsavvNJSppzi6dLBbuV+3+IyUREaj9ZFvQefnQm28v4OCXlig==}
    cpu: [arm]
    os: [android]
    requiresBuild: true
    dev: true
    optional: true

  /@rollup/rollup-android-arm64@4.9.1:
    resolution: {integrity: sha512-Jto9Fl3YQ9OLsTDWtLFPtaIMSL2kwGyGoVCmPC8Gxvym9TCZm4Sie+cVeblPO66YZsYH8MhBKDMGZ2NDxuk/XQ==}
    cpu: [arm64]
    os: [android]
    requiresBuild: true
    dev: true
    optional: true

  /@rollup/rollup-darwin-arm64@4.9.1:
    resolution: {integrity: sha512-LtYcLNM+bhsaKAIGwVkh5IOWhaZhjTfNOkGzGqdHvhiCUVuJDalvDxEdSnhFzAn+g23wgsycmZk1vbnaibZwwA==}
    cpu: [arm64]
    os: [darwin]
    requiresBuild: true
    dev: true
    optional: true

  /@rollup/rollup-darwin-x64@4.9.1:
    resolution: {integrity: sha512-KyP/byeXu9V+etKO6Lw3E4tW4QdcnzDG/ake031mg42lob5tN+5qfr+lkcT/SGZaH2PdW4Z1NX9GHEkZ8xV7og==}
    cpu: [x64]
    os: [darwin]
    requiresBuild: true
    dev: true
    optional: true

  /@rollup/rollup-linux-arm-gnueabihf@4.9.1:
    resolution: {integrity: sha512-Yqz/Doumf3QTKplwGNrCHe/B2p9xqDghBZSlAY0/hU6ikuDVQuOUIpDP/YcmoT+447tsZTmirmjgG3znvSCR0Q==}
    cpu: [arm]
    os: [linux]
    requiresBuild: true
    dev: true
    optional: true

  /@rollup/rollup-linux-arm64-gnu@4.9.1:
    resolution: {integrity: sha512-u3XkZVvxcvlAOlQJ3UsD1rFvLWqu4Ef/Ggl40WAVCuogf4S1nJPHh5RTgqYFpCOvuGJ7H5yGHabjFKEZGExk5Q==}
    cpu: [arm64]
    os: [linux]
    requiresBuild: true
    dev: true
    optional: true

  /@rollup/rollup-linux-arm64-musl@4.9.1:
    resolution: {integrity: sha512-0XSYN/rfWShW+i+qjZ0phc6vZ7UWI8XWNz4E/l+6edFt+FxoEghrJHjX1EY/kcUGCnZzYYRCl31SNdfOi450Aw==}
    cpu: [arm64]
    os: [linux]
    requiresBuild: true
    dev: true
    optional: true

  /@rollup/rollup-linux-riscv64-gnu@4.9.1:
    resolution: {integrity: sha512-LmYIO65oZVfFt9t6cpYkbC4d5lKHLYv5B4CSHRpnANq0VZUQXGcCPXHzbCXCz4RQnx7jvlYB1ISVNCE/omz5cw==}
    cpu: [riscv64]
    os: [linux]
    requiresBuild: true
    dev: true
    optional: true

  /@rollup/rollup-linux-x64-gnu@4.9.1:
    resolution: {integrity: sha512-kr8rEPQ6ns/Lmr/hiw8sEVj9aa07gh1/tQF2Y5HrNCCEPiCBGnBUt9tVusrcBBiJfIt1yNaXN6r1CCmpbFEDpg==}
    cpu: [x64]
    os: [linux]
    requiresBuild: true
    dev: true
    optional: true

  /@rollup/rollup-linux-x64-musl@4.9.1:
    resolution: {integrity: sha512-t4QSR7gN+OEZLG0MiCgPqMWZGwmeHhsM4AkegJ0Kiy6TnJ9vZ8dEIwHw1LcZKhbHxTY32hp9eVCMdR3/I8MGRw==}
    cpu: [x64]
    os: [linux]
    requiresBuild: true
    dev: true
    optional: true

  /@rollup/rollup-win32-arm64-msvc@4.9.1:
    resolution: {integrity: sha512-7XI4ZCBN34cb+BH557FJPmh0kmNz2c25SCQeT9OiFWEgf8+dL6ZwJ8f9RnUIit+j01u07Yvrsuu1rZGxJCc51g==}
    cpu: [arm64]
    os: [win32]
    requiresBuild: true
    dev: true
    optional: true

  /@rollup/rollup-win32-ia32-msvc@4.9.1:
    resolution: {integrity: sha512-yE5c2j1lSWOH5jp+Q0qNL3Mdhr8WuqCNVjc6BxbVfS5cAS6zRmdiw7ktb8GNpDCEUJphILY6KACoFoRtKoqNQg==}
    cpu: [ia32]
    os: [win32]
    requiresBuild: true
    dev: true
    optional: true

  /@rollup/rollup-win32-x64-msvc@4.9.1:
    resolution: {integrity: sha512-PyJsSsafjmIhVgaI1Zdj7m8BB8mMckFah/xbpplObyHfiXzKcI5UOUXRyOdHW7nz4DpMCuzLnF7v5IWHenCwYA==}
    cpu: [x64]
    os: [win32]
    requiresBuild: true
    dev: true
    optional: true

  /@shikijs/core@1.1.7:
    resolution: {integrity: sha512-gTYLUIuD1UbZp/11qozD3fWpUTuMqPSf3svDMMrL0UmlGU7D9dPw/V1FonwAorCUJBltaaESxq90jrSjQyGixg==}
    dev: true

  /@shikijs/twoslash@1.1.7(typescript@5.3.3):
    resolution: {integrity: sha512-WH/Ee67eixqDWjsAUXIJQUgRzPDApsz7Bci65Yobc7SWHNc8T2sY1UBa+MCV2mAj0D6VCYBwWlNxMDTfhN7K0Q==}
    dependencies:
      '@shikijs/core': 1.1.7
      twoslash: 0.2.4(typescript@5.3.3)
    transitivePeerDependencies:
      - supports-color
      - typescript
    dev: true

  /@types/clean-css@4.2.11:
    resolution: {integrity: sha512-Y8n81lQVTAfP2TOdtJJEsCoYl1AnOkqDqMvXb9/7pfgZZ7r8YrEyurrAvAoAjHOGXKRybay+5CsExqIH6liccw==}
    dependencies:
      '@types/node': 20.10.5
      source-map: 0.6.1
    dev: true

  /@types/html-minifier@4.0.5:
    resolution: {integrity: sha512-LfE7f7MFd+YUfZnlBz8W43P4NgSObWiqyKapANsWCj63Aqeqli8/9gVsGP4CwC8jPpTTYlTopKCk9rJSuht/ew==}
    dependencies:
      '@types/clean-css': 4.2.11
      '@types/relateurl': 0.2.33
      '@types/uglify-js': 3.17.4
    dev: true

  /@types/katex@0.16.7:
    resolution: {integrity: sha512-HMwFiRujE5PjrgwHQ25+bsLJgowjGjm5Z8FVSf0N6PwgJrwxH0QxzHYDcKsTfV3wva0vzrpqMTJS2jXPr5BMEQ==}
    dev: true

  /@types/linkify-it@3.0.5:
    resolution: {integrity: sha512-yg6E+u0/+Zjva+buc3EIb+29XEg4wltq7cSmd4Uc2EE/1nUVmxyzpX6gUXD0V8jIrG0r7YeOGVIbYRkxeooCtw==}
    dev: false

  /@types/node@20.10.5:
    resolution: {integrity: sha512-nNPsNE65wjMxEKI93yOP+NPGGBJz/PoN3kZsVLee0XMiJolxSekEVD8wRwBUBqkwc7UWop0edW50yrCQW4CyRw==}
    dependencies:
      undici-types: 5.26.5
    dev: true

  /@types/relateurl@0.2.33:
    resolution: {integrity: sha512-bTQCKsVbIdzLqZhLkF5fcJQreE4y1ro4DIyVrlDNSCJRRwHhB8Z+4zXXa8jN6eDvc2HbRsEYgbvrnGvi54EpSw==}
    dev: true

  /@types/uglify-js@3.17.4:
    resolution: {integrity: sha512-Hm/T0kV3ywpJyMGNbsItdivRhYNCQQf1IIsYsXnoVPES4t+FMLyDe0/K+Ea7ahWtMtSNb22ZdY7MIyoD9rqARg==}
    dependencies:
      source-map: 0.6.1
    dev: true

  /@typescript/vfs@1.5.0:
    resolution: {integrity: sha512-AJS307bPgbsZZ9ggCT3wwpg3VbTKMFNHfaY/uF0ahSkYYrPF2dSSKDNIDIQAHm9qJqbLvCsSJH7yN4Vs/CsMMg==}
    dependencies:
      debug: 4.3.4
    transitivePeerDependencies:
      - supports-color
    dev: true

  /anymatch@3.1.3:
    resolution: {integrity: sha512-KMReFUr0B4t+D+OBkjR3KYqvocp2XaSzO55UcB6mgQMd3KbcE+mWTyvVV7D/zsdEbNnV6acZUutkiHQXvTr1Rw==}
    engines: {node: '>= 8'}
    dependencies:
      normalize-path: 3.0.0
      picomatch: 2.3.1
    dev: true

  /ap-style-title-case@2.0.0:
    resolution: {integrity: sha512-8vCoCer8ZTXjvCK+JQLU0YW0EWI+70lyP9Q33mafLG0VRT7UY1BHoDq7WzaQYwzh9t+eG94tEJuVHrEDcRP1Fg==}
    dev: false

  /argparse@1.0.10:
    resolution: {integrity: sha512-o5Roy6tNG4SL/FOkCAN6RzjiakZS25RLYFrcMttJqbdd8BWrnA+fGz57iN5Pb06pvBGvl5gQ0B48dJlslXvoTg==}
    dependencies:
      sprintf-js: 1.0.3
    dev: false

  /binary-extensions@2.2.0:
    resolution: {integrity: sha512-jDctJ/IVQbZoJykoeHbhXpOlNBqGNcwXJKJog42E5HDPUwQTSdjCHdihjj0DlnheQ7blbT6dHOafNAiS8ooQKA==}
    engines: {node: '>=8'}
    dev: true

  /braces@3.0.2:
    resolution: {integrity: sha512-b8um+L1RzM3WDSzvhm6gIz1yfTbBt6YTlcEKAvsmqCZZFw46z626lVj9j1yEPW33H5H+lBQpZMP1k8l+78Ha0A==}
    engines: {node: '>=8'}
    dependencies:
      fill-range: 7.0.1
    dev: true

  /camel-case@3.0.0:
    resolution: {integrity: sha512-+MbKztAYHXPr1jNTSKQF52VpcFjwY5RkR7fxksV8Doo4KAYc5Fl4UJRgthBbTmEx8C54DqahhbLJkDwjI3PI/w==}
    dependencies:
      no-case: 2.3.2
      upper-case: 1.1.3
    dev: true

  /chalk@5.3.0:
    resolution: {integrity: sha512-dLitG79d+GV1Nb/VYcCDFivJeK1hiukt9QjRNVOsUtTy1rR1YJsmpGGTZ3qJos+uw7WmWF4wUwBd9jxjocFC2w==}
    engines: {node: ^12.17.0 || ^14.13 || >=16.0.0}
    dev: true

  /chokidar@3.5.3:
    resolution: {integrity: sha512-Dr3sfKRP6oTcjf2JmUmFJfeVMvXBdegxB0iVQ5eb2V10uFJUCAS8OByZdVAyVb8xXNz3GjjTgj9kLWsZTqE6kw==}
    engines: {node: '>= 8.10.0'}
    dependencies:
      anymatch: 3.1.3
      braces: 3.0.2
      glob-parent: 5.1.2
      is-binary-path: 2.1.0
      is-glob: 4.0.3
      normalize-path: 3.0.0
      readdirp: 3.6.0
    optionalDependencies:
      fsevents: 2.3.3
    dev: true

  /clean-css@4.2.4:
    resolution: {integrity: sha512-EJUDT7nDVFDvaQgAo2G/PJvxmp1o/c6iXLbswsBbUFXi1Nr+AjA2cKmfbKDMjMvzEe75g3P6JkaDDAKk96A85A==}
    engines: {node: '>= 4.0'}
    dependencies:
      source-map: 0.6.1
    dev: true

  /commander@8.3.0:
    resolution: {integrity: sha512-OkTL9umf+He2DZkUq8f8J9of7yL6RJKI24dVITBmNfZBmri9zYZQrKkuXiKhyfPSu8tUhnVBB1iKXevvnlR4Ww==}
    engines: {node: '>= 12'}
    dev: false

  /debug@4.3.4:
    resolution: {integrity: sha512-PRWFHuSU3eDtQJPvnNY7Jcket1j0t5OuOsFzPPzsekD52Zl8qUfFIPEiswXqIvHWGVHOgX+7G/vCNNhehwxfkQ==}
    engines: {node: '>=6.0'}
    peerDependencies:
      supports-color: '*'
    peerDependenciesMeta:
      supports-color:
        optional: true
    dependencies:
      ms: 2.1.2
    dev: true

  /esbuild@0.19.9:
    resolution: {integrity: sha512-U9CHtKSy+EpPsEBa+/A2gMs/h3ylBC0H0KSqIg7tpztHerLi6nrrcoUJAkNCEPumx8yJ+Byic4BVwHgRbN0TBg==}
    engines: {node: '>=12'}
    hasBin: true
    requiresBuild: true
    optionalDependencies:
      '@esbuild/android-arm': 0.19.9
      '@esbuild/android-arm64': 0.19.9
      '@esbuild/android-x64': 0.19.9
      '@esbuild/darwin-arm64': 0.19.9
      '@esbuild/darwin-x64': 0.19.9
      '@esbuild/freebsd-arm64': 0.19.9
      '@esbuild/freebsd-x64': 0.19.9
      '@esbuild/linux-arm': 0.19.9
      '@esbuild/linux-arm64': 0.19.9
      '@esbuild/linux-ia32': 0.19.9
      '@esbuild/linux-loong64': 0.19.9
      '@esbuild/linux-mips64el': 0.19.9
      '@esbuild/linux-ppc64': 0.19.9
      '@esbuild/linux-riscv64': 0.19.9
      '@esbuild/linux-s390x': 0.19.9
      '@esbuild/linux-x64': 0.19.9
      '@esbuild/netbsd-x64': 0.19.9
      '@esbuild/openbsd-x64': 0.19.9
      '@esbuild/sunos-x64': 0.19.9
      '@esbuild/win32-arm64': 0.19.9
      '@esbuild/win32-ia32': 0.19.9
      '@esbuild/win32-x64': 0.19.9
    dev: true

  /esprima@4.0.1:
    resolution: {integrity: sha512-eGuFFw7Upda+g4p+QHvnW0RyTX/SVeJBDM/gCtMARO0cLuT2HcEKnTPvhjV6aGeqrCB/sbNop0Kszm0jsaWU4A==}
    engines: {node: '>=4'}
    hasBin: true
    dev: false

  /eventemitter3@5.0.1:
    resolution: {integrity: sha512-GWkBvjiSZK87ELrYOSESUYeVIc9mvLLf/nXalMOS5dYrgZq9o5OVkbZAVM06CVxYsCwH9BDZFPlQTlPA1j4ahA==}
    dev: true

  /extend-shallow@2.0.1:
    resolution: {integrity: sha512-zCnTtlxNoAiDc3gqY2aYAWFx7XWWiasuF2K8Me5WbN8otHKTUKBwjPtNpRs/rbUZm7KxWAaNj7P1a/p52GbVug==}
    engines: {node: '>=0.10.0'}
    dependencies:
      is-extendable: 0.1.1
    dev: false

  /feed@4.2.2:
    resolution: {integrity: sha512-u5/sxGfiMfZNtJ3OvQpXcvotFpYkL0n9u9mM2vkui2nGo8b4wvDkJ8gAkYqbA8QpGyFCv3RK0Z+Iv+9veCS9bQ==}
    engines: {node: '>=0.4.0'}
    dependencies:
      xml-js: 1.6.11
    dev: true

  /fill-range@7.0.1:
    resolution: {integrity: sha512-qOo9F+dMUmC2Lcb4BbVvnKJxTPjCm+RRpe4gDuGrzkL7mEVl/djYSu2OdQ2Pa302N4oqkSg9ir6jaLWJ2USVpQ==}
    engines: {node: '>=8'}
    dependencies:
      to-regex-range: 5.0.1
    dev: true

  /fsevents@2.3.3:
    resolution: {integrity: sha512-5xoDfX+fL7faATnagmWPpbFtwh/R77WmMMqqHGS65C3vvB0YHrgF+B1YmZ3441tMj5n63k0212XNoJwzlhffQw==}
    engines: {node: ^8.16.0 || ^10.6.0 || >=11.0.0}
    os: [darwin]
    requiresBuild: true
    dev: true
    optional: true

  /github-slugger@2.0.0:
    resolution: {integrity: sha512-IaOQ9puYtjrkq7Y0Ygl9KDZnrf/aiUJYUpVf89y8kyaxbRG7Y1SrX/jaumrv81vc61+kiMempujsM3Yw7w5qcw==}

  /glob-parent@5.1.2:
    resolution: {integrity: sha512-AOIgSQCepiJYwP3ARnGx+5VnTu2HBYdzbGP45eLw1vr3zB3vZLeyed1sC9hnbcOc9/SrMyM5RPQrkGz4aS9Zow==}
    engines: {node: '>= 6'}
    dependencies:
      is-glob: 4.0.3
    dev: true

  /gray-matter@4.0.3:
    resolution: {integrity: sha512-5v6yZd4JK3eMI3FqqCouswVqwugaA9r4dNZB1wwcmrD02QkV5H0y7XBQW8QwQqEaZY1pM9aqORSORhJRdNK44Q==}
    engines: {node: '>=6.0'}
    dependencies:
      js-yaml: 3.14.1
      kind-of: 6.0.3
      section-matter: 1.0.0
      strip-bom-string: 1.0.0
    dev: false

  /he@1.2.0:
    resolution: {integrity: sha512-F/1DnUGPopORZi0ni+CvrCgHQ5FyEAHRLSApuYWMmrbSwoN2Mn/7k+Gl38gJnR7yyDZk6WLXwiGod1JOWNDKGw==}
    hasBin: true
    dev: true

  /html-minifier@4.0.0:
    resolution: {integrity: sha512-aoGxanpFPLg7MkIl/DDFYtb0iWz7jMFGqFhvEDZga6/4QTjneiD8I/NXL1x5aaoCp7FSIT6h/OhykDdPsbtMig==}
    engines: {node: '>=6'}
    hasBin: true
    dependencies:
      camel-case: 3.0.0
      clean-css: 4.2.4
      commander: /noop-package@1.0.0
      he: 1.2.0
      param-case: 2.1.1
      relateurl: 0.2.7
      uglify-js: 3.17.4
    dev: true

  /immutable@4.3.4:
    resolution: {integrity: sha512-fsXeu4J4i6WNWSikpI88v/PcVflZz+6kMhUfIwc5SY+poQRPnaf5V7qds6SUyUN3cVxEzuCab7QIoLOQ+DQ1wA==}
    dev: true

  /is-binary-path@2.1.0:
    resolution: {integrity: sha512-ZMERYes6pDydyuGidse7OsHxtbI7WVeUEozgR/g7rd0xUimYNlvZRE/K2MgZTjWy725IfelLeVcEM97mmtRGXw==}
    engines: {node: '>=8'}
    dependencies:
      binary-extensions: 2.2.0
    dev: true

  /is-extendable@0.1.1:
    resolution: {integrity: sha512-5BMULNob1vgFX6EjQw5izWDxrecWK9AM72rugNr0TFldMOi0fj6Jk+zeKIt0xGj4cEfQIJth4w3OKWOJ4f+AFw==}
    engines: {node: '>=0.10.0'}
    dev: false

  /is-extglob@2.1.1:
    resolution: {integrity: sha512-SbKbANkN603Vi4jEZv49LeVJMn4yGwsbzZworEoyEiutsN3nJYdbO36zfhGJ6QEDpOZIFkDtnq5JRxmvl3jsoQ==}
    engines: {node: '>=0.10.0'}
    dev: true

  /is-glob@4.0.3:
    resolution: {integrity: sha512-xelSayHH36ZgE7ZWhli7pW34hNbNl8Ojv5KVmkJD4hBdD3th8Tfk9vYasLM+mXWOZhFkgZfxhLSnrwRr4elSSg==}
    engines: {node: '>=0.10.0'}
    dependencies:
      is-extglob: 2.1.1
    dev: true

  /is-number@7.0.0:
    resolution: {integrity: sha512-41Cifkg6e8TylSpdtTpeLVMqvSBEVzTttHvERD741+pnZ8ANv0004MRL43QKPDlK9cGvNp6NZWZUBlbGXYxxng==}
    engines: {node: '>=0.12.0'}
    dev: true

  /js-yaml@3.14.1:
    resolution: {integrity: sha512-okMH7OXXJ7YrN9Ok3/SXrnu4iX9yOk+25nqX4imS2npuvTYDmo/QEZoqwZkYaIDk3jVvBOTOIEgEhaLOynBS9g==}
    hasBin: true
    dependencies:
      argparse: 1.0.10
      esprima: 4.0.1
    dev: false

  /katex@0.16.10:
    resolution: {integrity: sha512-ZiqaC04tp2O5utMsl2TEZTXxa6WSC4yo0fv5ML++D3QZv/vx2Mct0mTlRx3O+uUkjfuAgOkzsCmq5MiUEsDDdA==}
    hasBin: true
    dependencies:
      commander: 8.3.0
    dev: false

  /kind-of@6.0.3:
    resolution: {integrity: sha512-dcS1ul+9tmeD95T+x28/ehLgd9mENa3LsvDTtzm3vyBEO7RPptvAD+t44WVXaUjTBRcrpFeFlC8WCruUR456hw==}
    engines: {node: '>=0.10.0'}
    dev: false

  /linkify-it@5.0.0:
    resolution: {integrity: sha512-5aHCbzQRADcdP+ATqnDuhhJ/MRIqDkZX5pyjFHRRysS8vZ5AbqGEoFIb6pYHPZ+L/OC2Lc+xT8uHVVR5CAK/wQ==}
    dependencies:
      uc.micro: 2.0.0
    dev: false

  /lower-case@1.1.4:
    resolution: {integrity: sha512-2Fgx1Ycm599x+WGpIYwJOvsjmXFzTSc34IwDWALRA/8AopUKAVPwfJ+h5+f85BCp0PWmmJcWzEpxOpoXycMpdA==}
    dev: true

  /marked-gfm-heading-id@3.1.3(marked@12.0.1):
    resolution: {integrity: sha512-A0cRU4PCueX/5m8VE4mT8uTQ36l3xMYRojz3Eqnk4BmUFZ0T+9Xhn2KvHcANP4qbhfOeuMrWJCTQbASIBR5xeg==}
    peerDependencies:
      marked: '>=4 <13'
    dependencies:
      github-slugger: 2.0.0
      marked: 12.0.1
    dev: false

  /marked-highlight@2.1.1(marked@12.0.1):
    resolution: {integrity: sha512-ktdqwtBne8rim5mb+vvZ9FzElGFb+CHCgkx/g6DSzTjaSrVnxsJdSzB5YgCkknFrcOW+viocM1lGyIjC0oa3fg==}
    peerDependencies:
      marked: '>=4 <13'
    dependencies:
      marked: 12.0.1
    dev: false

  /marked-linkify-it@3.1.9(marked@12.0.1):
    resolution: {integrity: sha512-cYAC25uDtTYm+4nsMjXUqGnZdZlvmmoyx4aCKRgj0yDmKEzV7J2i/MW4z7qKVFJN2BI7FEKmy5k7ru1DDkpqFA==}
    peerDependencies:
      marked: '>=4 <13'
    dependencies:
      '@types/linkify-it': 3.0.5
      linkify-it: 5.0.0
      marked: 12.0.1
    dev: false

  /marked@12.0.1:
    resolution: {integrity: sha512-Y1/V2yafOcOdWQCX0XpAKXzDakPOpn6U0YLxTJs3cww6VxOzZV1BTOOYWLvH3gX38cq+iLwljHHTnMtlDfg01Q==}
    engines: {node: '>= 18'}
    hasBin: true
    dev: false

  /ms@2.1.2:
    resolution: {integrity: sha512-sGkPx+VjMtmA6MX27oA4FBFELFCZZ4S4XqeGOXCv68tT+jb3vk/RyaKWP0PTKyWtmLSM0b+adUTEvbs1PEaH2w==}
    dev: true

  /nanoid@3.3.7:
    resolution: {integrity: sha512-eSRppjcPIatRIMC1U6UngP8XFcz8MQWGQdt1MTBQ7NaAmvXDfvNxbvWV3x2y6CdEUciCSsDHDQZbhYaB8QEo2g==}
    engines: {node: ^10 || ^12 || ^13.7 || ^14 || >=15.0.1}
    hasBin: true
    dev: true

  /no-case@2.3.2:
    resolution: {integrity: sha512-rmTZ9kz+f3rCvK2TD1Ue/oZlns7OGoIWP4fc3llxxRXlOkHKoWPPWJOfFYpITabSow43QJbRIoHQXtt10VldyQ==}
    dependencies:
      lower-case: 1.1.4
    dev: true

  /noop-package@1.0.0:
    resolution: {integrity: sha512-xuPHxaC/q+RFCwRyDbQqoc/bgPodoQfMg6lkIeNUI/inqo1gLRw+/DyByjX+0Lm769zvGoglachoHyGatpMmZQ==}
    dev: true

  /normalize-path@3.0.0:
    resolution: {integrity: sha512-6eZs5Ls3WtCisHWp9S2GUy8dqkpGi4BVSz3GaqiE6ezub0512ESztXUwUB6C6IKbQkY2Pnb/mD4WYojCRwcwLA==}
    engines: {node: '>=0.10.0'}
    dev: true

  /p-queue@8.0.1:
    resolution: {integrity: sha512-NXzu9aQJTAzbBqOt2hwsR63ea7yvxJc0PwN/zobNAudYfb1B7R08SzB4TsLeSbUCuG467NhnoT0oO6w1qRO+BA==}
    engines: {node: '>=18'}
    dependencies:
      eventemitter3: 5.0.1
      p-timeout: 6.1.2
    dev: true

  /p-timeout@6.1.2:
    resolution: {integrity: sha512-UbD77BuZ9Bc9aABo74gfXhNvzC9Tx7SxtHSh1fxvx3jTLLYvmVhiQZZrJzqqU0jKbN32kb5VOKiLEQI/3bIjgQ==}
    engines: {node: '>=14.16'}
    dev: true

  /param-case@2.1.1:
    resolution: {integrity: sha512-eQE845L6ot89sk2N8liD8HAuH4ca6Vvr7VWAWwt7+kvvG5aBcPmmphQ68JsEG2qa9n1TykS2DLeMt363AAH8/w==}
    dependencies:
      no-case: 2.3.2
    dev: true

  /picocolors@1.0.0:
    resolution: {integrity: sha512-1fygroTLlHu66zi26VoTDv8yRgm0Fccecssto+MhsZ0D/DGW2sm8E8AjW7NU5VVTRt5GxbeZ5qBuJr+HyLYkjQ==}
    dev: true

  /picomatch@2.3.1:
    resolution: {integrity: sha512-JU3teHTNjmE2VCGFzuY8EXzCDVwEqB2a8fsIvwaStHhAWJEeVd1o1QD80CU6+ZdEXXSLbSsuLwJjkCBWqRQUVA==}
    engines: {node: '>=8.6'}
    dev: true

  /postcss@8.4.35:
    resolution: {integrity: sha512-u5U8qYpBCpN13BsiEB0CbR1Hhh4Gc0zLFuedrHJKMctHCHAGrMdG0PRM/KErzAL3CU6/eckEtmHNB3x6e3c0vA==}
    engines: {node: ^10 || ^12 || >=14}
    dependencies:
      nanoid: 3.3.7
      picocolors: 1.0.0
      source-map-js: 1.0.2
    dev: true

  /quick-lru@7.0.0:
    resolution: {integrity: sha512-MX8gB7cVYTrYcFfAnfLlhRd0+Toyl8yX8uBx1MrX7K0jegiz9TumwOK27ldXrgDlHRdVi+MqU9Ssw6dr4BNreg==}
    engines: {node: '>=18'}
    dev: true

  /readdirp@3.6.0:
    resolution: {integrity: sha512-hOS089on8RduqdbhvQ5Z37A0ESjsqz6qnRcffsMU3495FuTdqSm+7bhJ29JvIOsBDEEnan5DPu9t3To9VRlMzA==}
    engines: {node: '>=8.10.0'}
    dependencies:
      picomatch: 2.3.1
    dev: true

  /relateurl@0.2.7:
    resolution: {integrity: sha512-G08Dxvm4iDN3MLM0EsP62EDV9IuhXPR6blNz6Utcp7zyV3tr4HVNINt6MpaRWbxoOHT3Q7YN2P+jaHX8vUbgog==}
    engines: {node: '>= 0.10'}
    dev: true

  /rollup@4.9.1:
    resolution: {integrity: sha512-pgPO9DWzLoW/vIhlSoDByCzcpX92bKEorbgXuZrqxByte3JFk2xSW2JEeAcyLc9Ru9pqcNNW+Ob7ntsk2oT/Xw==}
    engines: {node: '>=18.0.0', npm: '>=8.0.0'}
    hasBin: true
    optionalDependencies:
      '@rollup/rollup-android-arm-eabi': 4.9.1
      '@rollup/rollup-android-arm64': 4.9.1
      '@rollup/rollup-darwin-arm64': 4.9.1
      '@rollup/rollup-darwin-x64': 4.9.1
      '@rollup/rollup-linux-arm-gnueabihf': 4.9.1
      '@rollup/rollup-linux-arm64-gnu': 4.9.1
      '@rollup/rollup-linux-arm64-musl': 4.9.1
      '@rollup/rollup-linux-riscv64-gnu': 4.9.1
      '@rollup/rollup-linux-x64-gnu': 4.9.1
      '@rollup/rollup-linux-x64-musl': 4.9.1
      '@rollup/rollup-win32-arm64-msvc': 4.9.1
      '@rollup/rollup-win32-ia32-msvc': 4.9.1
      '@rollup/rollup-win32-x64-msvc': 4.9.1
      fsevents: 2.3.3
    dev: true

  /sanitize.css@13.0.0:
    resolution: {integrity: sha512-ZRwKbh/eQ6w9vmTjkuG0Ioi3HBwPFce0O+v//ve+aOq1oeCy7jMV2qzzAlpsNuqpqCBjjriM1lbtZbF/Q8jVyA==}
    dev: false

  /sass@1.71.1:
    resolution: {integrity: sha512-wovtnV2PxzteLlfNzbgm1tFXPLoZILYAMJtvoXXkD7/+1uP41eKkIt1ypWq5/q2uT94qHjXehEYfmjKOvjL9sg==}
    engines: {node: '>=14.0.0'}
    hasBin: true
    dependencies:
      chokidar: 3.5.3
      immutable: 4.3.4
      source-map-js: 1.0.2
    dev: true

  /sax@1.3.0:
    resolution: {integrity: sha512-0s+oAmw9zLl1V1cS9BtZN7JAd0cW5e0QH4W3LWEK6a4LaLEA2OTpGYWDY+6XasBLtz6wkm3u1xRw95mRuJ59WA==}
    dev: true

  /section-matter@1.0.0:
    resolution: {integrity: sha512-vfD3pmTzGpufjScBh50YHKzEu2lxBWhVEHsNGoEXmCmn2hKGfeNLYMzCJpe8cD7gqX7TJluOVpBkAequ6dgMmA==}
    engines: {node: '>=4'}
    dependencies:
      extend-shallow: 2.0.1
      kind-of: 6.0.3
    dev: false

  /shiki@1.1.7:
    resolution: {integrity: sha512-9kUTMjZtcPH3i7vHunA6EraTPpPOITYTdA5uMrvsJRexktqP0s7P3s9HVK80b4pP42FRVe03D7fT3NmJv2yYhw==}
    dependencies:
      '@shikijs/core': 1.1.7
    dev: true

  /source-map-js@1.0.2:
    resolution: {integrity: sha512-R0XvVJ9WusLiqTCEiGCmICCMplcCkIwwR11mOSD9CR5u+IXYdiseeEuXCVAjS54zqwkLcPNnmU4OeJ6tUrWhDw==}
    engines: {node: '>=0.10.0'}
    dev: true

  /source-map@0.6.1:
    resolution: {integrity: sha512-UjgapumWlbMhkBgzT7Ykc5YXUT46F0iKu8SGXq0bcwP5dz/h0Plj6enJqjz1Zbq2l5WaqYnrVbwWOWMyF3F47g==}
    engines: {node: '>=0.10.0'}
    dev: true

  /sprintf-js@1.0.3:
    resolution: {integrity: sha512-D9cPgkvLlV3t3IzL0D0YLvGA9Ahk4PcvVwUbN0dSGr1aP0Nrt4AEnTUbuGvquEC0mA64Gqt1fzirlRs5ibXx8g==}
    dev: false

  /strip-bom-string@1.0.0:
    resolution: {integrity: sha512-uCC2VHvQRYu+lMh4My/sFNmF2klFymLX1wHJeXnbEJERpV/ZsVuonzerjfrGpIGF7LBVa1O7i9kjiWvJiFck8g==}
    engines: {node: '>=0.10.0'}
    dev: false

  /to-regex-range@5.0.1:
    resolution: {integrity: sha512-65P7iz6X5yEr1cwcgvQxbbIw7Uk3gOy5dIdtZ4rDveLqhrdJP+Li/Hx6tyK0NEb+2GCyneCMJiGqrADCSNk8sQ==}
    engines: {node: '>=8.0'}
    dependencies:
      is-number: 7.0.0
    dev: true

  /twoslash-protocol@0.2.4:
    resolution: {integrity: sha512-AEGTJj4mFGfvQc/M6qi0+s82Zq+mxLcjWZU+EUHGG8LQElyHDs+uDR+/3+m1l+WP7WL+QmWrVzFXgFX+hBg+bg==}
    dev: true

  /twoslash@0.2.4(typescript@5.3.3):
    resolution: {integrity: sha512-hc3y11BjLHP4kV37TR6lUKksxpZp0LQi9kCy95ka6qobye/gV49PqXZIuWlRaRVGNvp4AJBMg8aiwkp0M8x/nQ==}
    peerDependencies:
      typescript: '*'
    dependencies:
      '@typescript/vfs': 1.5.0
      twoslash-protocol: 0.2.4
      typescript: 5.3.3
    transitivePeerDependencies:
      - supports-color
    dev: true

  /typescript@5.3.3:
    resolution: {integrity: sha512-pXWcraxM0uxAS+tN0AG/BF2TyqmHO014Z070UsJ+pFvYuRSq8KH8DmWpnbXe0pEPDHXZV3FcAbJkijJ5oNEnWw==}
    engines: {node: '>=14.17'}
    hasBin: true
    dev: true

  /uc.micro@2.0.0:
    resolution: {integrity: sha512-DffL94LsNOccVn4hyfRe5rdKa273swqeA5DJpMOeFmEn1wCDc7nAbbB0gXlgBCL7TNzeTv6G7XVWzan7iJtfig==}
    dev: false

  /uglify-js@3.17.4:
    resolution: {integrity: sha512-T9q82TJI9e/C1TAxYvfb16xO120tMVFZrGA3f9/P4424DNu6ypK103y0GPFVa17yotwSyZW5iYXgjYHkGrJW/g==}
    engines: {node: '>=0.8.0'}
    hasBin: true
    dev: true

  /undici-types@5.26.5:
    resolution: {integrity: sha512-JlCMO+ehdEIKqlFxk6IfVoAUVmgz7cU7zD/h9XZ0qzeosSHmUJVOzSQvvYSYWXkFXC+IfLKSIffhv0sVZup6pA==}
    dev: true

  /upper-case@1.1.3:
    resolution: {integrity: sha512-WRbjgmYzgXkCV7zNVpy5YgrHgbBv126rMALQQMrmzOVC4GM2waQ9x7xtm8VU+1yF2kWyPzI9zbZ48n4vSxwfSA==}
    dev: true

  /vite@5.1.5(@types/node@20.10.5)(sass@1.71.1):
    resolution: {integrity: sha512-BdN1xh0Of/oQafhU+FvopafUp6WaYenLU/NFoL5WyJL++GxkNfieKzBhM24H3HVsPQrlAqB7iJYTHabzaRed5Q==}
    engines: {node: ^18.0.0 || >=20.0.0}
    hasBin: true
    peerDependencies:
      '@types/node': ^18.0.0 || >=20.0.0
      less: '*'
      lightningcss: ^1.21.0
      sass: '*'
      stylus: '*'
      sugarss: '*'
      terser: ^5.4.0
    peerDependenciesMeta:
      '@types/node':
        optional: true
      less:
        optional: true
      lightningcss:
        optional: true
      sass:
        optional: true
      stylus:
        optional: true
      sugarss:
        optional: true
      terser:
        optional: true
    dependencies:
      '@types/node': 20.10.5
      esbuild: 0.19.9
      postcss: 8.4.35
      rollup: 4.9.1
      sass: 1.71.1
    optionalDependencies:
      fsevents: 2.3.3
    dev: true

  /xml-js@1.6.11:
    resolution: {integrity: sha512-7rVi2KMfwfWFl+GpPg6m80IVMWXLRjO+PxTq7V2CDhoGak0wzYzFgUY2m4XJ47OGdXd8eLE8EmwfAmdjw7lC1g==}
    hasBin: true
    dependencies:
      sax: 1.3.0
    dev: true
